
Microsoft Visual Studio Solution File, Format Version 12.00
# Visual Studio 15
VisualStudioVersion = 15.0.27428.2015
MinimumVisualStudioVersion = 10.0.40219.1
Project("{FAE04EC0-301F-11D3-BF4B-00C04F79EFBC}") = "DiscountDelegateDemo2", "DiscountDelegateDemo2\DiscountDelegateDemo2.csproj", "{763F09B9-9ED0-4332-9162-E726A5C341CB}"
EndProject
Global
	GlobalSection(SolutionConfigurationPlatforms) = preSolution
		Debug|Any CPU = Debug|Any CPU
		Release|Any CPU = Release|Any CPU
	EndGlobalSection
	GlobalSection(ProjectConfigurationPlatforms) = postSolution
		{763F09B9-9ED0-4332-9162-E726A5C341CB}.Debug|Any CPU.ActiveCfg = Debug|Any CPU
		{763F09B9-9ED0-4332-9162-E726A5C341CB}.Debug|Any CPU.Build.0 = Debug|Any CPU
		{763F09B9-9ED0-4332-9162-E726A5C341CB}.Release|Any CPU.ActiveCfg = Release|Any CPU
		{763F09B9-9ED0-4332-9162-E726A5C341CB}.Release|Any CPU.Build.0 = Release|Any CPU
	EndGlobalSection
	GlobalSection(SolutionProperties) = preSolution
		HideSolutionNode = FALSE
	EndGlobalSection
	GlobalSection(ExtensibilityGlobals) = postSolution
		SolutionGuid = {8D87F513-652C-4406-B881-23D3EC750814}
	EndGlobalSection
EndGlobal
